
Microsoft Visual Studio Solution File, Format Version 12.00
# Visual Studio Version 16
VisualStudioVersion = 16.0.31605.320
MinimumVisualStudioVersion = 10.0.40219.1
Project("{FAE04EC0-301F-11D3-BF4B-00C04F79EFBC}") = "payment_record", "payment_record\payment_record.csproj", "{456525F8-F4F7-4CB8-823D-FAD8B72109F2}"
EndProject
Project("{54435603-DBB4-11D2-8724-00A0C9A8B90C}") = "Pockket", "Pockket\Pockket.vdproj", "{43D58DDD-6ACD-4650-BD6F-1B9A403B8B61}"
EndProject
Global
	GlobalSection(SolutionConfigurationPlatforms) = preSolution
		Debug|Any CPU = Debug|Any CPU
		Release|Any CPU = Release|Any CPU
	EndGlobalSection
	GlobalSection(ProjectConfigurationPlatforms) = postSolution
		{456525F8-F4F7-4CB8-823D-FAD8B72109F2}.Debug|Any CPU.ActiveCfg = Debug|Any CPU
		{456525F8-F4F7-4CB8-823D-FAD8B72109F2}.Debug|Any CPU.Build.0 = Debug|Any CPU
		{456525F8-F4F7-4CB8-823D-FAD8B72109F2}.Release|Any CPU.ActiveCfg = Release|Any CPU
		{456525F8-F4F7-4CB8-823D-FAD8B72109F2}.Release|Any CPU.Build.0 = Release|Any CPU
		{43D58DDD-6ACD-4650-BD6F-1B9A403B8B61}.Debug|Any CPU.ActiveCfg = Debug
		{43D58DDD-6ACD-4650-BD6F-1B9A403B8B61}.Release|Any CPU.ActiveCfg = Release
	EndGlobalSection
	GlobalSection(SolutionProperties) = preSolution
		HideSolutionNode = FALSE
	EndGlobalSection
	GlobalSection(ExtensibilityGlobals) = postSolution
		SolutionGuid = {18B981FD-7A0C-4193-9C0B-9B5CC0A7B5D7}
	EndGlobalSection
EndGlobal
